
Microsoft Visual Studio Solution File, Format Version 12.00
# Visual Studio Version 17
VisualStudioVersion = 17.4.33122.133
MinimumVisualStudioVersion = 10.0.40219.1
Project("{FAE04EC0-301F-11D3-BF4B-00C04F79EFBC}") = "OOP.Advanced", "OOP.Advanced\OOP.Advanced.csproj", "{A198F7D6-44CB-45B0-9BB4-3FE07F77842B}"
EndProject
Project("{FAE04EC0-301F-11D3-BF4B-00C04F79EFBC}") = "OOP.Advanced.ClassLibrary", "OOP.Advanced.ClassLibrary\OOP.Advanced.ClassLibrary.csproj", "{150061F3-6370-404F-BBF7-0E5765D04A44}"
EndProject
Global
	GlobalSection(SolutionConfigurationPlatforms) = preSolution
		Debug|Any CPU = Debug|Any CPU
		Release|Any CPU = Release|Any CPU
	EndGlobalSection
	GlobalSection(ProjectConfigurationPlatforms) = postSolution
		{A198F7D6-44CB-45B0-9BB4-3FE07F77842B}.Debug|Any CPU.ActiveCfg = Debug|Any CPU
		{A198F7D6-44CB-45B0-9BB4-3FE07F77842B}.Debug|Any CPU.Build.0 = Debug|Any CPU
		{A198F7D6-44CB-45B0-9BB4-3FE07F77842B}.Release|Any CPU.ActiveCfg = Release|Any CPU
		{A198F7D6-44CB-45B0-9BB4-3FE07F77842B}.Release|Any CPU.Build.0 = Release|Any CPU
		{150061F3-6370-404F-BBF7-0E5765D04A44}.Debug|Any CPU.ActiveCfg = Debug|Any CPU
		{150061F3-6370-404F-BBF7-0E5765D04A44}.Debug|Any CPU.Build.0 = Debug|Any CPU
		{150061F3-6370-404F-BBF7-0E5765D04A44}.Release|Any CPU.ActiveCfg = Release|Any CPU
		{150061F3-6370-404F-BBF7-0E5765D04A44}.Release|Any CPU.Build.0 = Release|Any CPU
	EndGlobalSection
	GlobalSection(SolutionProperties) = preSolution
		HideSolutionNode = FALSE
	EndGlobalSection
	GlobalSection(ExtensibilityGlobals) = postSolution
		SolutionGuid = {931ECE9F-F720-4ACA-A367-61CE0CA16CB0}
	EndGlobalSection
EndGlobal
