
Microsoft Visual Studio Solution File, Format Version 12.00
# Visual Studio Version 17
VisualStudioVersion = 17.4.33122.133
MinimumVisualStudioVersion = 10.0.40219.1
Project("{FAE04EC0-301F-11D3-BF4B-00C04F79EFBC}") = "Week4.OOP", "Week4.OOP\Week4.OOP.csproj", "{AFCFCF6A-2E2B-4089-93DF-EA69173FF50D}"
EndProject
Global
	GlobalSection(SolutionConfigurationPlatforms) = preSolution
		Debug|Any CPU = Debug|Any CPU
		Release|Any CPU = Release|Any CPU
	EndGlobalSection
	GlobalSection(ProjectConfigurationPlatforms) = postSolution
		{AFCFCF6A-2E2B-4089-93DF-EA69173FF50D}.Debug|Any CPU.ActiveCfg = Debug|Any CPU
		{AFCFCF6A-2E2B-4089-93DF-EA69173FF50D}.Debug|Any CPU.Build.0 = Debug|Any CPU
		{AFCFCF6A-2E2B-4089-93DF-EA69173FF50D}.Release|Any CPU.ActiveCfg = Release|Any CPU
		{AFCFCF6A-2E2B-4089-93DF-EA69173FF50D}.Release|Any CPU.Build.0 = Release|Any CPU
	EndGlobalSection
	GlobalSection(SolutionProperties) = preSolution
		HideSolutionNode = FALSE
	EndGlobalSection
	GlobalSection(ExtensibilityGlobals) = postSolution
		SolutionGuid = {5E453589-82C9-4675-A0C6-660181A515A6}
	EndGlobalSection
EndGlobal
