
Microsoft Visual Studio Solution File, Format Version 12.00
# Visual Studio Version 17
VisualStudioVersion = 17.4.33122.133
MinimumVisualStudioVersion = 10.0.40219.1
Project("{FAE04EC0-301F-11D3-BF4B-00C04F79EFBC}") = "OOP.Intro.Homework.Solution", "OOP.Intro.Homework.Solution\OOP.Intro.Homework.Solution.csproj", "{0AC46E0B-F6F2-44CF-A807-7B8490EB4378}"
EndProject
Global
	GlobalSection(SolutionConfigurationPlatforms) = preSolution
		Debug|Any CPU = Debug|Any CPU
		Release|Any CPU = Release|Any CPU
	EndGlobalSection
	GlobalSection(ProjectConfigurationPlatforms) = postSolution
		{0AC46E0B-F6F2-44CF-A807-7B8490EB4378}.Debug|Any CPU.ActiveCfg = Debug|Any CPU
		{0AC46E0B-F6F2-44CF-A807-7B8490EB4378}.Debug|Any CPU.Build.0 = Debug|Any CPU
		{0AC46E0B-F6F2-44CF-A807-7B8490EB4378}.Release|Any CPU.ActiveCfg = Release|Any CPU
		{0AC46E0B-F6F2-44CF-A807-7B8490EB4378}.Release|Any CPU.Build.0 = Release|Any CPU
	EndGlobalSection
	GlobalSection(SolutionProperties) = preSolution
		HideSolutionNode = FALSE
	EndGlobalSection
	GlobalSection(ExtensibilityGlobals) = postSolution
		SolutionGuid = {91217722-ED3C-43AE-8D5A-79E7A7C67799}
	EndGlobalSection
EndGlobal
